
Microsoft Visual Studio Solution File, Format Version 12.00
# Visual Studio Version 17
VisualStudioVersion = 17.2.32516.85
MinimumVisualStudioVersion = 10.0.40219.1
Project("{FAE04EC0-301F-11D3-BF4B-00C04F79EFBC}") = "Bloc", "Bloc\Bloc.csproj", "{C6E871E6-31A8-4969-A285-D8E0E8857745}"
EndProject
Global
	GlobalSection(SolutionConfigurationPlatforms) = preSolution
		Debug|Any CPU = Debug|Any CPU
		Release|Any CPU = Release|Any CPU
	EndGlobalSection
	GlobalSection(ProjectConfigurationPlatforms) = postSolution
		{C6E871E6-31A8-4969-A285-D8E0E8857745}.Debug|Any CPU.ActiveCfg = Debug|Any CPU
		{C6E871E6-31A8-4969-A285-D8E0E8857745}.Debug|Any CPU.Build.0 = Debug|Any CPU
		{C6E871E6-31A8-4969-A285-D8E0E8857745}.Release|Any CPU.ActiveCfg = Release|Any CPU
		{C6E871E6-31A8-4969-A285-D8E0E8857745}.Release|Any CPU.Build.0 = Release|Any CPU
	EndGlobalSection
	GlobalSection(SolutionProperties) = preSolution
		HideSolutionNode = FALSE
	EndGlobalSection
	GlobalSection(ExtensibilityGlobals) = postSolution
		SolutionGuid = {448459E5-02D5-4338-A6DC-D10ADE093287}
	EndGlobalSection
EndGlobal
